<?xml version="1.0" encoding="UTF-8" standalone="yes" ?>
<CodeBlocks_project_file>
	<FileVersion major="1" minor="6" />
	<Project>
		<Option title="mge" />
		<Option platforms="Windows;" />
		<Option pch_mode="2" />
		<Option compiler="gnu_gcc_compiler_mingw_extended" />
		<Build>
			<Target title="Debug Dynamic">
				<Option platforms="Windows;" />
				<Option output="debug_dynamic_exe/game" prefix_auto="1" extension_auto="1" />
				<Option working_dir="../assets" />
				<Option object_output="debug_dynamic_build" />
				<Option type="1" />
				<Option compiler="gnu_gcc_compiler_mingw_extended" />
				<Option projectLibDirsRelation="-1" />
				<Compiler>
					<Add option="-Wnon-virtual-dtor" />
					<Add option="-Wshadow" />
					<Add option="-Winit-self" />
					<Add option="-Wredundant-decls" />
					<Add option="-Wcast-align" />
					<Add option="-Wundef" />
					<Add option="-Wfloat-equal" />
					<Add option="-Winline" />
					<Add option="-Wunreachable-code" />
					<Add option="-Wmissing-declarations" />
					<Add option="-Wmissing-include-dirs" />
					<Add option="-Wswitch-default" />
					<Add option="-Weffc++" />
					<Add option="-Wmain" />
					<Add option="-pedantic-errors" />
					<Add option="-pedantic" />
					<Add option="-Wfatal-errors" />
					<Add option="-Wextra" />
					<Add option="-Wall" />
					<Add option="-std=c++11" />
					<Add option="-g" />
				</Compiler>
				<Linker>
					<Add library="glew32d" />
					<Add library="sfml-graphics-d" />
					<Add library="sfml-window-d" />
					<Add library="sfml-system-d" />
					<Add library="sfml-audio-d" />
					<Add library="opengl32" />
				</Linker>
				<MakeCommands>
					<Build command="" />
					<CompileFile command="" />
					<Clean command="" />
					<DistClean command="" />
					<AskRebuildNeeded command="" />
					<SilentBuild command=" &gt; $(CMD_NULL)" />
				</MakeCommands>
			</Target>
			<Target title="Release Dynamic">
				<Option platforms="Windows;" />
				<Option output="release_dynamic_exe/game" prefix_auto="1" extension_auto="1" />
				<Option working_dir="../assets" />
				<Option object_output="release_dynamic_build" />
				<Option type="1" />
				<Option compiler="gnu_gcc_compiler_mingw_extended" />
				<Option projectLibDirsRelation="-1" />
				<Compiler>
					<Add option="-O3" />
					<Add option="-std=c++11" />
				</Compiler>
				<Linker>
					<Add option="-s" />
					<Add library="glew32" />
					<Add library="sfml-graphics" />
					<Add library="sfml-window" />
					<Add library="sfml-system" />
					<Add library="sfml-audio" />
					<Add library="opengl32" />
				</Linker>
				<MakeCommands>
					<Build command="" />
					<CompileFile command="" />
					<Clean command="" />
					<DistClean command="" />
					<AskRebuildNeeded command="" />
					<SilentBuild command=" &gt; $(CMD_NULL)" />
				</MakeCommands>
			</Target>
			<Target title="Debug Static">
				<Option platforms="Windows;" />
				<Option output="debug_static_exe/game" prefix_auto="1" extension_auto="1" />
				<Option working_dir="../assets" />
				<Option object_output="debug_static_build" />
				<Option type="1" />
				<Option compiler="gnu_gcc_compiler_mingw_extended" />
				<Compiler>
					<Add option="-Wunreachable-code" />
					<Add option="-Wall" />
					<Add option="-std=c++11" />
					<Add option="-g" />
					<Add option="-DGLEW_STATIC" />
					<Add option="-DSFML_STATIC" />
				</Compiler>
				<Linker>
					<Add library="glew32sd" />
					<Add library="sfml-graphics-s-d" />
					<Add library="sfml-window-s-d" />
					<Add library="sfml-audio-s-d" />
					<Add library="sfml-system-s-d" />
					<Add library="opengl32" />
					<Add library="freetype" />
					<Add library="jpeg" />
					<Add library="winmm" />
					<Add library="gdi32" />
					<Add library="openal32" />
					<Add library="flac" />
					<Add library="vorbisenc" />
					<Add library="vorbisfile" />
					<Add library="vorbis" />
					<Add library="ogg" />
					<Add library="ws2_32" />
				</Linker>
			</Target>
			<Target title="Release Static">
				<Option platforms="Windows;" />
				<Option output="release_static_exe/game" prefix_auto="1" extension_auto="1" />
				<Option working_dir="../assets" />
				<Option object_output="release_static_build" />
				<Option type="1" />
				<Option compiler="gnu_gcc_compiler_mingw_extended" />
				<Compiler>
					<Add option="-O3" />
					<Add option="-Wunreachable-code" />
					<Add option="-Wall" />
					<Add option="-std=c++11" />
					<Add option="-DGLEW_STATIC" />
					<Add option="-DSFML_STATIC" />
				</Compiler>
				<Linker>
					<Add option="-s" />
					<Add library="glew32s" />
					<Add library="sfml-graphics-s" />
					<Add library="sfml-window-s" />
					<Add library="sfml-audio-s" />
					<Add library="sfml-system-s" />
					<Add library="opengl32" />
					<Add library="freetype" />
					<Add library="jpeg" />
					<Add library="winmm" />
					<Add library="gdi32" />
					<Add library="openal32" />
					<Add library="flac" />
					<Add library="vorbisenc" />
					<Add library="vorbisfile" />
					<Add library="vorbis" />
					<Add library="ogg" />
					<Add library="ws2_32" />
				</Linker>
			</Target>
		</Build>
		<Compiler>
			<Add option="-Wall" />
			<Add option="-fexceptions" />
			<Add directory="../src" />
		</Compiler>
		<Unit filename="../assets/mge/fonts/arial.ttf" />
		<Unit filename="../assets/mge/models/cone_flat.obj" />
		<Unit filename="../assets/mge/models/cone_smooth.obj" />
		<Unit filename="../assets/mge/models/cube_flat.obj" />
		<Unit filename="../assets/mge/models/cube_smooth.obj" />
		<Unit filename="../assets/mge/models/cylinder_flat.obj" />
		<Unit filename="../assets/mge/models/cylinder_smooth.obj" />
		<Unit filename="../assets/mge/models/plane20x20_2048tris_aligned_uvs.obj" />
		<Unit filename="../assets/mge/models/plane20x20_2tris_aligned_uvs.obj" />
		<Unit filename="../assets/mge/models/sphere_flat.obj" />
		<Unit filename="../assets/mge/models/sphere_smooth.obj" />
		<Unit filename="../assets/mge/models/suzanna_flat.obj" />
		<Unit filename="../assets/mge/models/suzanna_smooth.obj" />
		<Unit filename="../assets/mge/models/teapot_flat.obj" />
		<Unit filename="../assets/mge/models/teapot_smooth.obj" />
		<Unit filename="../assets/mge/shaders/color.fs" />
		<Unit filename="../assets/mge/shaders/color.vs" />
		<Unit filename="../assets/mge/shaders/texture.fs" />
		<Unit filename="../assets/mge/shaders/texture.vs" />
		<Unit filename="../assets/mge/textures/bricks.jpg" />
		<Unit filename="../assets/mge/textures/land.jpg" />
		<Unit filename="../src/glm.hpp" />
		<Unit filename="../src/main.cpp" />
		<Unit filename="../src/mge/MGEDemo.cpp" />
		<Unit filename="../src/mge/MGEDemo.hpp" />
		<Unit filename="../src/mge/behaviours/AbstractBehaviour.cpp" />
		<Unit filename="../src/mge/behaviours/AbstractBehaviour.hpp" />
		<Unit filename="../src/mge/behaviours/KeysBehaviour.cpp" />
		<Unit filename="../src/mge/behaviours/KeysBehaviour.hpp" />
		<Unit filename="../src/mge/behaviours/LookAt.cpp" />
		<Unit filename="../src/mge/behaviours/LookAt.hpp" />
		<Unit filename="../src/mge/behaviours/RotatingBehaviour.cpp" />
		<Unit filename="../src/mge/behaviours/RotatingBehaviour.hpp" />
		<Unit filename="../src/mge/config.hpp" />
		<Unit filename="../src/mge/core/AbstractGame.cpp" />
		<Unit filename="../src/mge/core/AbstractGame.hpp" />
		<Unit filename="../src/mge/core/Camera.cpp" />
		<Unit filename="../src/mge/core/Camera.hpp" />
		<Unit filename="../src/mge/core/GameObject.cpp" />
		<Unit filename="../src/mge/core/GameObject.hpp" />
		<Unit filename="../src/mge/core/Mesh.cpp" />
		<Unit filename="../src/mge/core/Mesh.hpp" />
		<Unit filename="../src/mge/core/Renderer.cpp" />
		<Unit filename="../src/mge/core/Renderer.hpp" />
		<Unit filename="../src/mge/core/ShaderProgram.cpp" />
		<Unit filename="../src/mge/core/ShaderProgram.hpp" />
		<Unit filename="../src/mge/core/Texture.cpp" />
		<Unit filename="../src/mge/core/Texture.hpp" />
		<Unit filename="../src/mge/core/World.cpp" />
		<Unit filename="../src/mge/core/World.hpp" />
		<Unit filename="../src/mge/materials/AbstractMaterial.cpp" />
		<Unit filename="../src/mge/materials/AbstractMaterial.hpp" />
		<Unit filename="../src/mge/materials/ColorMaterial.cpp" />
		<Unit filename="../src/mge/materials/ColorMaterial.hpp" />
		<Unit filename="../src/mge/materials/TextureMaterial.cpp" />
		<Unit filename="../src/mge/materials/TextureMaterial.hpp" />
		<Unit filename="../src/mge/util/DebugHud.cpp" />
		<Unit filename="../src/mge/util/DebugHud.hpp" />
		<Extensions>
			<code_completion />
			<envvars />
			<debugger />
			<lib_finder disable_auto="1" />
		</Extensions>
	</Project>
</CodeBlocks_project_file>
